
Microsoft Visual Studio Solution File, Format Version 12.00
# Visual Studio 2012
Project("{159641D6-6404-4A2A-AE62-294DE0FE8301}") = "SeedRestaurantsForDOB", "SeedRestaurantsForDOB\SeedRestaurantsForDOB.dtproj", "{77A52CC5-8EAB-445F-BA6F-37C017A048D1}"
EndProject
Project("{159641D6-6404-4A2A-AE62-294DE0FE8301}") = "UpdateStores", "UpdateStores\UpdateStores.dtproj", "{F20F4E98-A2A0-490B-A32C-24A8339EAB05}"
EndProject
Global
	GlobalSection(SubversionScc) = preSolution
		Svn-Managed = True
		Manager = AnkhSVN - Subversion Support for Visual Studio
	EndGlobalSection
	GlobalSection(SolutionConfigurationPlatforms) = preSolution
		Development|Default = Development|Default
	EndGlobalSection
	GlobalSection(ProjectConfigurationPlatforms) = postSolution
		{77A52CC5-8EAB-445F-BA6F-37C017A048D1}.Development|Default.ActiveCfg = Development
		{77A52CC5-8EAB-445F-BA6F-37C017A048D1}.Development|Default.Build.0 = Development
		{F20F4E98-A2A0-490B-A32C-24A8339EAB05}.Development|Default.ActiveCfg = Development
		{F20F4E98-A2A0-490B-A32C-24A8339EAB05}.Development|Default.Build.0 = Development
	EndGlobalSection
	GlobalSection(SolutionProperties) = preSolution
		HideSolutionNode = FALSE
	EndGlobalSection
EndGlobal
