
Microsoft Visual Studio Solution File, Format Version 12.00
# Visual Studio 2012
Project("{159641D6-6404-4A2A-AE62-294DE0FE8301}") = "Gift Card PTD7 Master", "Gift Card PTD7 Master\Gift Card PTD7 Master.dtproj", "{7849C8C2-FC05-45A0-A4EE-185E950BA3D6}"
EndProject
Project("{159641D6-6404-4A2A-AE62-294DE0FE8301}") = "SSIS_Load_GCInfo_PTD", "SSIS_Load_GCInfo_PTD\SSIS_Load_GCInfo_PTD.dtproj", "{56EE7360-AACE-42CB-8133-F864217E5382}"
EndProject
Project("{159641D6-6404-4A2A-AE62-294DE0FE8301}") = "SSIS_Load_GCInfo_PTD7", "SSIS_Load_GCInfo_PTD7\SSIS_Load_GCInfo_PTD7.dtproj", "{1307D683-C01E-459C-9A8B-5417DD3AF68C}"
EndProject
Global
	GlobalSection(SubversionScc) = preSolution
		Svn-Managed = True
		Manager = AnkhSVN - Subversion Support for Visual Studio
	EndGlobalSection
	GlobalSection(SolutionConfigurationPlatforms) = preSolution
		Development|Default = Development|Default
	EndGlobalSection
	GlobalSection(ProjectConfigurationPlatforms) = postSolution
		{7849C8C2-FC05-45A0-A4EE-185E950BA3D6}.Development|Default.ActiveCfg = Development
		{7849C8C2-FC05-45A0-A4EE-185E950BA3D6}.Development|Default.Build.0 = Development
		{56EE7360-AACE-42CB-8133-F864217E5382}.Development|Default.ActiveCfg = Development
		{56EE7360-AACE-42CB-8133-F864217E5382}.Development|Default.Build.0 = Development
		{1307D683-C01E-459C-9A8B-5417DD3AF68C}.Development|Default.ActiveCfg = Development
		{1307D683-C01E-459C-9A8B-5417DD3AF68C}.Development|Default.Build.0 = Development
	EndGlobalSection
	GlobalSection(SolutionProperties) = preSolution
		HideSolutionNode = FALSE
	EndGlobalSection
EndGlobal
