
Microsoft Visual Studio Solution File, Format Version 12.00
# Visual Studio 2012
Project("{159641D6-6404-4A2A-AE62-294DE0FE8301}") = "ExceptionReporting", "ReportingException\ExceptionReporting.dtproj", "{874D4814-60C2-4948-849D-19ACB3DE56F5}"
EndProject
Project("{2150E333-8FDC-42A3-9474-1A3956D46DE8}") = "Solution Items", "Solution Items", "{9DBA356B-CD04-4AF7-B8DA-D264E8719B5B}"
EndProject
Global
	GlobalSection(SubversionScc) = preSolution
		Svn-Managed = True
		Manager = AnkhSVN - Subversion Support for Visual Studio
	EndGlobalSection
	GlobalSection(SolutionConfigurationPlatforms) = preSolution
		DEV|Default = DEV|Default
		PROD|Default = PROD|Default
		QA|Default = QA|Default
	EndGlobalSection
	GlobalSection(ProjectConfigurationPlatforms) = postSolution
		{874D4814-60C2-4948-849D-19ACB3DE56F5}.DEV|Default.ActiveCfg = Development
		{874D4814-60C2-4948-849D-19ACB3DE56F5}.DEV|Default.Build.0 = Development
		{874D4814-60C2-4948-849D-19ACB3DE56F5}.PROD|Default.ActiveCfg = PROD
		{874D4814-60C2-4948-849D-19ACB3DE56F5}.PROD|Default.Build.0 = PROD
		{874D4814-60C2-4948-849D-19ACB3DE56F5}.QA|Default.ActiveCfg = QA
		{874D4814-60C2-4948-849D-19ACB3DE56F5}.QA|Default.Build.0 = QA
	EndGlobalSection
	GlobalSection(SolutionProperties) = preSolution
		HideSolutionNode = FALSE
	EndGlobalSection
EndGlobal
