
Microsoft Visual Studio Solution File, Format Version 12.00
# Visual Studio 2012
Project("{159641D6-6404-4A2A-AE62-294DE0FE8301}") = "Kronos Monitor", "Kronos Monitor\Kronos Monitor.dtproj", "{BE8557F1-2C30-4CD3-82D7-3A8412C2ACA8}"
EndProject
Global
	GlobalSection(SolutionConfigurationPlatforms) = preSolution
		Development|Default = Development|Default
	EndGlobalSection
	GlobalSection(ProjectConfigurationPlatforms) = postSolution
		{BE8557F1-2C30-4CD3-82D7-3A8412C2ACA8}.Development|Default.ActiveCfg = Development
		{BE8557F1-2C30-4CD3-82D7-3A8412C2ACA8}.Development|Default.Build.0 = Development
	EndGlobalSection
	GlobalSection(SolutionProperties) = preSolution
		HideSolutionNode = FALSE
	EndGlobalSection
EndGlobal
