
Microsoft Visual Studio Solution File, Format Version 11.00
# Visual Studio 2010
Project("{159641D6-6404-4A2A-AE62-294DE0FE8301}") = "LoadItemCategories", "LoadItemCategories\LoadItemCategories.dtproj", "{E7B1E559-C949-4A12-A4B7-5033128CCC7B}"
EndProject
Project("{159641D6-6404-4A2A-AE62-294DE0FE8301}") = "LoadItemCounts", "LoadItemCounts\LoadItemCounts.dtproj", "{BD1B2041-234D-42DD-9E47-B6BFC1CA229E}"
EndProject
Project("{159641D6-6404-4A2A-AE62-294DE0FE8301}") = "RefreshStores", "RefreshStores\RefreshStores.dtproj", "{8845AA39-6642-4842-970C-2983A127ABEA}"
EndProject
Global
	GlobalSection(SolutionConfigurationPlatforms) = preSolution
		Development|Default = Development|Default
	EndGlobalSection
	GlobalSection(ProjectConfigurationPlatforms) = postSolution
		{E7B1E559-C949-4A12-A4B7-5033128CCC7B}.Development|Default.ActiveCfg = Development
		{E7B1E559-C949-4A12-A4B7-5033128CCC7B}.Development|Default.Build.0 = Development
		{BD1B2041-234D-42DD-9E47-B6BFC1CA229E}.Development|Default.ActiveCfg = Development
		{BD1B2041-234D-42DD-9E47-B6BFC1CA229E}.Development|Default.Build.0 = Development
		{8845AA39-6642-4842-970C-2983A127ABEA}.Development|Default.ActiveCfg = Development
		{8845AA39-6642-4842-970C-2983A127ABEA}.Development|Default.Build.0 = Development
	EndGlobalSection
	GlobalSection(SolutionProperties) = preSolution
		HideSolutionNode = FALSE
	EndGlobalSection
EndGlobal
