
Microsoft Visual Studio Solution File, Format Version 11.00
# Visual Studio 2010
Project("{159641D6-6404-4A2A-AE62-294DE0FE8301}") = "Daily Sales Report Subscription", "Daily Sales Report Subscription\Daily Sales Report Subscription.dtproj", "{C87848A5-12ED-4375-8D00-2732E72C7998}"
EndProject
Project("{159641D6-6404-4A2A-AE62-294DE0FE8301}") = "Daily Status Subscription", "Daily Status Subscription\Daily Status Subscription.dtproj", "{E6DC02C3-7476-4B88-8BF1-F5BAA8AC1E3E}"
EndProject
Global
	GlobalSection(SolutionConfigurationPlatforms) = preSolution
		Development|Default = Development|Default
	EndGlobalSection
	GlobalSection(ProjectConfigurationPlatforms) = postSolution
		{C87848A5-12ED-4375-8D00-2732E72C7998}.Development|Default.ActiveCfg = Development
		{C87848A5-12ED-4375-8D00-2732E72C7998}.Development|Default.Build.0 = Development
		{E6DC02C3-7476-4B88-8BF1-F5BAA8AC1E3E}.Development|Default.ActiveCfg = Development
		{E6DC02C3-7476-4B88-8BF1-F5BAA8AC1E3E}.Development|Default.Build.0 = Development
	EndGlobalSection
	GlobalSection(SolutionProperties) = preSolution
		HideSolutionNode = FALSE
	EndGlobalSection
EndGlobal
