
Microsoft Visual Studio Solution File, Format Version 11.00
# Visual Studio 2010
Project("{159641D6-6404-4A2A-AE62-294DE0FE8301}") = "NCRRadiantAndEOD", "NCRRadiantAndEOD\NCRRadiantAndEOD.dtproj", "{BF59E3B8-637D-4C10-B7B3-81C19C2DD930}"
EndProject
Global
	GlobalSection(SolutionConfigurationPlatforms) = preSolution
		Development|Default = Development|Default
	EndGlobalSection
	GlobalSection(ProjectConfigurationPlatforms) = postSolution
		{BF59E3B8-637D-4C10-B7B3-81C19C2DD930}.Development|Default.ActiveCfg = Development
		{BF59E3B8-637D-4C10-B7B3-81C19C2DD930}.Development|Default.Build.0 = Development
	EndGlobalSection
	GlobalSection(SolutionProperties) = preSolution
		HideSolutionNode = FALSE
	EndGlobalSection
EndGlobal
