
Microsoft Visual Studio Solution File, Format Version 12.00
# Visual Studio 2012
Project("{159641D6-6404-4A2A-AE62-294DE0FE8301}") = "EmployeeScorecard", "EmployeeScorecard\EmployeeScorecard.dtproj", "{C9EFCDD0-22B2-4E24-B427-B9805D07D0F0}"
EndProject
Global
	GlobalSection(SolutionConfigurationPlatforms) = preSolution
		Development|Default = Development|Default
	EndGlobalSection
	GlobalSection(ProjectConfigurationPlatforms) = postSolution
		{C9EFCDD0-22B2-4E24-B427-B9805D07D0F0}.Development|Default.ActiveCfg = Development
		{C9EFCDD0-22B2-4E24-B427-B9805D07D0F0}.Development|Default.Build.0 = Development
	EndGlobalSection
	GlobalSection(SolutionProperties) = preSolution
		HideSolutionNode = FALSE
	EndGlobalSection
EndGlobal
