
Microsoft Visual Studio Solution File, Format Version 11.00
# Visual Studio 2010
Project("{159641D6-6404-4A2A-AE62-294DE0FE8301}") = "UOM Conversion", "UOM Conversion\UOM Conversion.dtproj", "{247925BB-53F3-4ADC-B5B0-5E48926FFD79}"
EndProject
Project("{159641D6-6404-4A2A-AE62-294DE0FE8301}") = "UOM_ConversionFactorsImport", "UOM_ConversionFactorsImport\UOM_ConversionFactorsImport.dtproj", "{0E1A5358-CADA-45B1-8F83-E7975E5D5929}"
EndProject
Global
	GlobalSection(SolutionConfigurationPlatforms) = preSolution
		Development|Default = Development|Default
	EndGlobalSection
	GlobalSection(ProjectConfigurationPlatforms) = postSolution
		{247925BB-53F3-4ADC-B5B0-5E48926FFD79}.Development|Default.ActiveCfg = Development
		{247925BB-53F3-4ADC-B5B0-5E48926FFD79}.Development|Default.Build.0 = Development
		{0E1A5358-CADA-45B1-8F83-E7975E5D5929}.Development|Default.ActiveCfg = Development
		{0E1A5358-CADA-45B1-8F83-E7975E5D5929}.Development|Default.Build.0 = Development
	EndGlobalSection
	GlobalSection(SolutionProperties) = preSolution
		HideSolutionNode = FALSE
	EndGlobalSection
EndGlobal
