
Microsoft Visual Studio Solution File, Format Version 12.00
# Visual Studio 2012
Project("{159641D6-6404-4A2A-AE62-294DE0FE8301}") = "OperationServices", "OperationServices\OperationServices.dtproj", "{484BAE75-60F3-4ED3-9417-CBCCF7384657}"
EndProject
Global
	GlobalSection(SolutionConfigurationPlatforms) = preSolution
		Development|Default = Development|Default
	EndGlobalSection
	GlobalSection(ProjectConfigurationPlatforms) = postSolution
		{484BAE75-60F3-4ED3-9417-CBCCF7384657}.Development|Default.ActiveCfg = Development
		{484BAE75-60F3-4ED3-9417-CBCCF7384657}.Development|Default.Build.0 = Development
	EndGlobalSection
	GlobalSection(SolutionProperties) = preSolution
		HideSolutionNode = FALSE
	EndGlobalSection
EndGlobal
