
Microsoft Visual Studio Solution File, Format Version 12.00
# Visual Studio 2012
Project("{159641D6-6404-4A2A-AE62-294DE0FE8301}") = "RR_Fusion_Integration", "RR_Fusion_Integration\RR_Fusion_Integration.dtproj", "{012F01AE-070A-450D-91D6-6832E7B16D24}"
EndProject
Global
	GlobalSection(SolutionConfigurationPlatforms) = preSolution
		Development|Default = Development|Default
	EndGlobalSection
	GlobalSection(ProjectConfigurationPlatforms) = postSolution
		{012F01AE-070A-450D-91D6-6832E7B16D24}.Development|Default.ActiveCfg = Development
		{012F01AE-070A-450D-91D6-6832E7B16D24}.Development|Default.Build.0 = Development
	EndGlobalSection
	GlobalSection(SolutionProperties) = preSolution
		HideSolutionNode = FALSE
	EndGlobalSection
EndGlobal
