
Microsoft Visual Studio Solution File, Format Version 11.00
# Visual Studio 2010
Project("{159641D6-6404-4A2A-AE62-294DE0FE8301}") = "INT004", "INT004\INT004.dtproj", "{C19A5CBA-708B-4615-97C5-076E7498C747}"
EndProject
Project("{159641D6-6404-4A2A-AE62-294DE0FE8301}") = "INT004_Weekly", "INT004_Weekly\INT004_Weekly.dtproj", "{A058E727-97C4-41E6-972D-03234F697D82}"
EndProject
Project("{159641D6-6404-4A2A-AE62-294DE0FE8301}") = "INT037and047", "INT037and047\INT037and047.dtproj", "{4791B9FA-2673-46B9-8F53-F5E22A91B0B0}"
EndProject
Project("{159641D6-6404-4A2A-AE62-294DE0FE8301}") = "INT037and047_SRP", "INT037and047_SRP\INT037and047_SRP.dtproj", "{5468B360-24F0-4294-9348-EBBA3CFBE277}"
EndProject
Project("{159641D6-6404-4A2A-AE62-294DE0FE8301}") = "INT044", "INT044\INT044.dtproj", "{D6AD161A-A15C-4D64-83AE-449C67241D23}"
EndProject
Global
	GlobalSection(SolutionConfigurationPlatforms) = preSolution
		Development|Default = Development|Default
	EndGlobalSection
	GlobalSection(ProjectConfigurationPlatforms) = postSolution
		{C19A5CBA-708B-4615-97C5-076E7498C747}.Development|Default.ActiveCfg = Development
		{C19A5CBA-708B-4615-97C5-076E7498C747}.Development|Default.Build.0 = Development
		{A058E727-97C4-41E6-972D-03234F697D82}.Development|Default.ActiveCfg = Development
		{A058E727-97C4-41E6-972D-03234F697D82}.Development|Default.Build.0 = Development
		{4791B9FA-2673-46B9-8F53-F5E22A91B0B0}.Development|Default.ActiveCfg = Development
		{4791B9FA-2673-46B9-8F53-F5E22A91B0B0}.Development|Default.Build.0 = Development
		{5468B360-24F0-4294-9348-EBBA3CFBE277}.Development|Default.ActiveCfg = Development
		{5468B360-24F0-4294-9348-EBBA3CFBE277}.Development|Default.Build.0 = Development
		{D6AD161A-A15C-4D64-83AE-449C67241D23}.Development|Default.ActiveCfg = Development
		{D6AD161A-A15C-4D64-83AE-449C67241D23}.Development|Default.Build.0 = Development
	EndGlobalSection
	GlobalSection(SolutionProperties) = preSolution
		HideSolutionNode = FALSE
	EndGlobalSection
EndGlobal
