
Microsoft Visual Studio Solution File, Format Version 11.00
# Visual Studio 2010
Project("{159641D6-6404-4A2A-AE62-294DE0FE8301}") = "NBOGoLive", "NBOGoLive\NBOGoLive.dtproj", "{7B276BBE-F1C1-42CD-A767-2EC4607C1809}"
EndProject
Global
	GlobalSection(SolutionConfigurationPlatforms) = preSolution
		Development|Default = Development|Default
	EndGlobalSection
	GlobalSection(ProjectConfigurationPlatforms) = postSolution
		{7B276BBE-F1C1-42CD-A767-2EC4607C1809}.Development|Default.ActiveCfg = Development
		{7B276BBE-F1C1-42CD-A767-2EC4607C1809}.Development|Default.Build.0 = Development
	EndGlobalSection
	GlobalSection(SolutionProperties) = preSolution
		HideSolutionNode = FALSE
	EndGlobalSection
EndGlobal
