
Microsoft Visual Studio Solution File, Format Version 11.00
# Visual Studio 2010
Project("{159641D6-6404-4A2A-AE62-294DE0FE8301}") = "NBOInterface", "NBOInterface\NBOInterface.dtproj", "{9FEC2267-C15A-4F4F-A875-EE95A4A8CF0D}"
EndProject
Global
	GlobalSection(SolutionConfigurationPlatforms) = preSolution
		Development|Default = Development|Default
	EndGlobalSection
	GlobalSection(ProjectConfigurationPlatforms) = postSolution
		{9FEC2267-C15A-4F4F-A875-EE95A4A8CF0D}.Development|Default.ActiveCfg = Development
		{9FEC2267-C15A-4F4F-A875-EE95A4A8CF0D}.Development|Default.Build.0 = Development
	EndGlobalSection
	GlobalSection(SolutionProperties) = preSolution
		HideSolutionNode = FALSE
	EndGlobalSection
EndGlobal
