
Microsoft Visual Studio Solution File, Format Version 11.00
# Visual Studio 2010
Project("{159641D6-6404-4A2A-AE62-294DE0FE8301}") = "INT054_1", "INT054_1\INT054_1.dtproj", "{EC3C82A6-DD8F-4E5C-8A13-A6BAF59A33FD}"
EndProject
Project("{159641D6-6404-4A2A-AE62-294DE0FE8301}") = "Load dot-MIX files from ML", "Load dot-MIX files from ML\Load dot-MIX files from ML.dtproj", "{4444B71C-D867-48A0-95A8-D1811A28A0AC}"
EndProject
Global
	GlobalSection(SolutionConfigurationPlatforms) = preSolution
		Development|Default = Development|Default
	EndGlobalSection
	GlobalSection(ProjectConfigurationPlatforms) = postSolution
		{EC3C82A6-DD8F-4E5C-8A13-A6BAF59A33FD}.Development|Default.ActiveCfg = Development
		{EC3C82A6-DD8F-4E5C-8A13-A6BAF59A33FD}.Development|Default.Build.0 = Development
		{4444B71C-D867-48A0-95A8-D1811A28A0AC}.Development|Default.ActiveCfg = Development
		{4444B71C-D867-48A0-95A8-D1811A28A0AC}.Development|Default.Build.0 = Development
	EndGlobalSection
	GlobalSection(SolutionProperties) = preSolution
		HideSolutionNode = FALSE
	EndGlobalSection
EndGlobal
