
Microsoft Visual Studio Solution File, Format Version 11.00
# Visual Studio 2010
Project("{159641D6-6404-4A2A-AE62-294DE0FE8301}") = "MDM Integration - Location", "MDM Integration - Location.dtproj", "{0CE8067D-E9AB-4228-9E37-D39ABEC06E3E}"
EndProject
Global
	GlobalSection(SolutionConfigurationPlatforms) = preSolution
		Development|Default = Development|Default
	EndGlobalSection
	GlobalSection(ProjectConfigurationPlatforms) = postSolution
		{0CE8067D-E9AB-4228-9E37-D39ABEC06E3E}.Development|Default.ActiveCfg = Development
		{0CE8067D-E9AB-4228-9E37-D39ABEC06E3E}.Development|Default.Build.0 = Development
	EndGlobalSection
	GlobalSection(SolutionProperties) = preSolution
		HideSolutionNode = FALSE
	EndGlobalSection
EndGlobal
