
Microsoft Visual Studio Solution File, Format Version 12.00
# Visual Studio 2012
Project("{159641D6-6404-4A2A-AE62-294DE0FE8301}") = "Database Move", "Database Move\Database Move.dtproj", "{2C7C9D51-4A10-4EFF-8F06-430E5DA8570D}"
EndProject
Global
	GlobalSection(SolutionConfigurationPlatforms) = preSolution
		Development|Default = Development|Default
	EndGlobalSection
	GlobalSection(ProjectConfigurationPlatforms) = postSolution
		{2C7C9D51-4A10-4EFF-8F06-430E5DA8570D}.Development|Default.ActiveCfg = Development
		{2C7C9D51-4A10-4EFF-8F06-430E5DA8570D}.Development|Default.Build.0 = Development
	EndGlobalSection
	GlobalSection(SolutionProperties) = preSolution
		HideSolutionNode = FALSE
	EndGlobalSection
EndGlobal
