
Microsoft Visual Studio Solution File, Format Version 11.00
# Visual Studio 2010
Project("{159641D6-6404-4A2A-AE62-294DE0FE8301}") = "Daily Sales Report - Data Load", "Daily Sales Report - Data Load\Daily Sales Report - Data Load.dtproj", "{8464DD32-8459-4118-89CA-3365868C904A}"
EndProject
Project("{159641D6-6404-4A2A-AE62-294DE0FE8301}") = "DSR Reload Sales", "DSR Reload Sales\DSR Reload Sales.dtproj", "{543D3AF8-E3C0-4481-A9D2-5D930E4A0073}"
EndProject
Global
	GlobalSection(SubversionScc) = preSolution
		Svn-Managed = True
		Manager = AnkhSVN - Subversion Support for Visual Studio
	EndGlobalSection
	GlobalSection(SolutionConfigurationPlatforms) = preSolution
		Development|Default = Development|Default
	EndGlobalSection
	GlobalSection(ProjectConfigurationPlatforms) = postSolution
		{8464DD32-8459-4118-89CA-3365868C904A}.Development|Default.ActiveCfg = Development
		{8464DD32-8459-4118-89CA-3365868C904A}.Development|Default.Build.0 = Development
		{543D3AF8-E3C0-4481-A9D2-5D930E4A0073}.Development|Default.ActiveCfg = Development
		{543D3AF8-E3C0-4481-A9D2-5D930E4A0073}.Development|Default.Build.0 = Development
	EndGlobalSection
	GlobalSection(SolutionProperties) = preSolution
		HideSolutionNode = FALSE
	EndGlobalSection
EndGlobal
