
Microsoft Visual Studio Solution File, Format Version 11.00
# Visual Studio 2010
Project("{159641D6-6404-4A2A-AE62-294DE0FE8301}") = "ItemFallout", "ItemFallout\ItemFallout.dtproj", "{FE013EFE-147A-4FA6-9B65-8B38B6F352E3}"
EndProject
Global
	GlobalSection(SolutionConfigurationPlatforms) = preSolution
		Development|Default = Development|Default
	EndGlobalSection
	GlobalSection(ProjectConfigurationPlatforms) = postSolution
		{FE013EFE-147A-4FA6-9B65-8B38B6F352E3}.Development|Default.ActiveCfg = Development
		{FE013EFE-147A-4FA6-9B65-8B38B6F352E3}.Development|Default.Build.0 = Development
	EndGlobalSection
	GlobalSection(SolutionProperties) = preSolution
		HideSolutionNode = FALSE
	EndGlobalSection
EndGlobal
