
Microsoft Visual Studio Solution File, Format Version 11.00
# Visual Studio 2010
Project("{159641D6-6404-4A2A-AE62-294DE0FE8301}") = "DailyLaborETL", "DailyLaborETL\DailyLaborETL.dtproj", "{BFB3C550-2148-4C3C-B2B3-0EA7E805E5FD}"
EndProject
Global
	GlobalSection(SubversionScc) = preSolution
		Svn-Managed = True
		Manager = AnkhSVN - Subversion Support for Visual Studio
	EndGlobalSection
	GlobalSection(SolutionConfigurationPlatforms) = preSolution
		Development|Default = Development|Default
	EndGlobalSection
	GlobalSection(ProjectConfigurationPlatforms) = postSolution
		{BFB3C550-2148-4C3C-B2B3-0EA7E805E5FD}.Development|Default.ActiveCfg = Development
		{BFB3C550-2148-4C3C-B2B3-0EA7E805E5FD}.Development|Default.Build.0 = Development
	EndGlobalSection
	GlobalSection(SolutionProperties) = preSolution
		HideSolutionNode = FALSE
	EndGlobalSection
EndGlobal
