
Microsoft Visual Studio Solution File, Format Version 11.00
# Visual Studio 2010
Project("{159641D6-6404-4A2A-AE62-294DE0FE8301}") = "MDM Location Email", "MDM Location Email\MDM Location Email.dtproj", "{9BAB007A-E9C4-4941-951F-B22CE82101C2}"
EndProject
Project("{159641D6-6404-4A2A-AE62-294DE0FE8301}") = "MDM Integration - Location", "MDM Integration - Location\MDM Integration - Location.dtproj", "{F4E1F3F6-CE6D-4952-9AC4-D766EE95F197}"
EndProject
Global
	GlobalSection(SolutionConfigurationPlatforms) = preSolution
		Development|Default = Development|Default
	EndGlobalSection
	GlobalSection(ProjectConfigurationPlatforms) = postSolution
		{9BAB007A-E9C4-4941-951F-B22CE82101C2}.Development|Default.ActiveCfg = Development
		{9BAB007A-E9C4-4941-951F-B22CE82101C2}.Development|Default.Build.0 = Development
		{F4E1F3F6-CE6D-4952-9AC4-D766EE95F197}.Development|Default.ActiveCfg = Development
		{F4E1F3F6-CE6D-4952-9AC4-D766EE95F197}.Development|Default.Build.0 = Development
	EndGlobalSection
	GlobalSection(SolutionProperties) = preSolution
		HideSolutionNode = FALSE
	EndGlobalSection
EndGlobal
