
Microsoft Visual Studio Solution File, Format Version 12.00
# Visual Studio 2012
Project("{159641D6-6404-4A2A-AE62-294DE0FE8301}") = "Cognos - Refresh Dimensions", "Cognos - Refresh Dimensions\Cognos - Refresh Dimensions.dtproj", "{D9A675FC-B60B-40B4-A18F-0BC6BFDCFBE9}"
EndProject
Project("{159641D6-6404-4A2A-AE62-294DE0FE8301}") = "DSR Cube Data Load", "DSR Cube Data Load\DSR Cube Data Load.dtproj", "{A1485A7A-4CAD-42CB-ADEA-E15571385D0C}"
EndProject
Global
	GlobalSection(SubversionScc) = preSolution
		Svn-Managed = True
		Manager = AnkhSVN - Subversion Support for Visual Studio
	EndGlobalSection
	GlobalSection(SolutionConfigurationPlatforms) = preSolution
		Development|Default = Development|Default
	EndGlobalSection
	GlobalSection(ProjectConfigurationPlatforms) = postSolution
		{D9A675FC-B60B-40B4-A18F-0BC6BFDCFBE9}.Development|Default.ActiveCfg = Development
		{D9A675FC-B60B-40B4-A18F-0BC6BFDCFBE9}.Development|Default.Build.0 = Development
		{A1485A7A-4CAD-42CB-ADEA-E15571385D0C}.Development|Default.ActiveCfg = Development
		{A1485A7A-4CAD-42CB-ADEA-E15571385D0C}.Development|Default.Build.0 = Development
	EndGlobalSection
	GlobalSection(SolutionProperties) = preSolution
		HideSolutionNode = FALSE
	EndGlobalSection
EndGlobal
