
Microsoft Visual Studio Solution File, Format Version 11.00
# Visual Studio 2010
Project("{159641D6-6404-4A2A-AE62-294DE0FE8301}") = "TipsData", "TipsData\TipsData.dtproj", "{3A6FD2C1-92F5-4996-A4A5-235BACB506EE}"
EndProject
Global
	GlobalSection(SolutionConfigurationPlatforms) = preSolution
		Development|Default = Development|Default
	EndGlobalSection
	GlobalSection(ProjectConfigurationPlatforms) = postSolution
		{3A6FD2C1-92F5-4996-A4A5-235BACB506EE}.Development|Default.ActiveCfg = Development
		{3A6FD2C1-92F5-4996-A4A5-235BACB506EE}.Development|Default.Build.0 = Development
	EndGlobalSection
	GlobalSection(SolutionProperties) = preSolution
		HideSolutionNode = FALSE
	EndGlobalSection
EndGlobal
