
Microsoft Visual Studio Solution File, Format Version 11.00
# Visual Studio 2010
Project("{159641D6-6404-4A2A-AE62-294DE0FE8301}") = "BusinessClosures", "BusinessClosures\BusinessClosures.dtproj", "{50DC0712-3994-4B18-8D7D-C4418CDBF04D}"
EndProject
Project("{159641D6-6404-4A2A-AE62-294DE0FE8301}") = "DataSourceAnalysis", "DataSourceAnalysis\DataSourceAnalysis.dtproj", "{1940E7D7-2205-446E-9749-B5146E518B74}"
EndProject
Project("{159641D6-6404-4A2A-AE62-294DE0FE8301}") = "Loyalty Reporting Solution", "Loyalty Reporting Solution\Loyalty Reporting Solution.dtproj", "{51F5F8F3-AC4D-4F09-B299-D04C64E71884}"
EndProject
Project("{159641D6-6404-4A2A-AE62-294DE0FE8301}") = "ML Relevant Data", "ML Relevant Data\ML Relevant Data.dtproj", "{7798B6D7-6F7D-4646-903E-4177EA089C33}"
EndProject
Project("{159641D6-6404-4A2A-AE62-294DE0FE8301}") = "Royalty - Cube Data", "Royalty - Cube Data\Royalty - Cube Data.dtproj", "{70720590-F580-418D-85F8-2AE0C8641D6E}"
EndProject
Project("{159641D6-6404-4A2A-AE62-294DE0FE8301}") = "Store and Calendar", "Store and Calendar\Store and Calendar.dtproj", "{1EBB33CB-5A32-4859-8ED2-ED7B3B58CC5F}"
EndProject
Global
	GlobalSection(SubversionScc) = preSolution
		Svn-Managed = True
		Manager = AnkhSVN - Subversion Support for Visual Studio
	EndGlobalSection
	GlobalSection(SolutionConfigurationPlatforms) = preSolution
		Development|Default = Development|Default
	EndGlobalSection
	GlobalSection(ProjectConfigurationPlatforms) = postSolution
		{50DC0712-3994-4B18-8D7D-C4418CDBF04D}.Development|Default.ActiveCfg = Development
		{50DC0712-3994-4B18-8D7D-C4418CDBF04D}.Development|Default.Build.0 = Development
		{1940E7D7-2205-446E-9749-B5146E518B74}.Development|Default.ActiveCfg = Development
		{1940E7D7-2205-446E-9749-B5146E518B74}.Development|Default.Build.0 = Development
		{51F5F8F3-AC4D-4F09-B299-D04C64E71884}.Development|Default.ActiveCfg = Development
		{51F5F8F3-AC4D-4F09-B299-D04C64E71884}.Development|Default.Build.0 = Development
		{7798B6D7-6F7D-4646-903E-4177EA089C33}.Development|Default.ActiveCfg = Development
		{7798B6D7-6F7D-4646-903E-4177EA089C33}.Development|Default.Build.0 = Development
		{70720590-F580-418D-85F8-2AE0C8641D6E}.Development|Default.ActiveCfg = Development
		{70720590-F580-418D-85F8-2AE0C8641D6E}.Development|Default.Build.0 = Development
		{1EBB33CB-5A32-4859-8ED2-ED7B3B58CC5F}.Development|Default.ActiveCfg = Development
		{1EBB33CB-5A32-4859-8ED2-ED7B3B58CC5F}.Development|Default.Build.0 = Development
	EndGlobalSection
	GlobalSection(SolutionProperties) = preSolution
		HideSolutionNode = FALSE
	EndGlobalSection
EndGlobal
