
Microsoft Visual Studio Solution File, Format Version 12.00
# Visual Studio 2012
Project("{159641D6-6404-4A2A-AE62-294DE0FE8301}") = "MDM Integration - Location", "MDM Integration - Location\MDM Integration - Location.dtproj", "{866B3FBB-F015-4C70-B54E-BCC21BF0B381}"
EndProject
Global
	GlobalSection(SubversionScc) = preSolution
		Svn-Managed = True
		Manager = AnkhSVN - Subversion Support for Visual Studio
	EndGlobalSection
	GlobalSection(SolutionConfigurationPlatforms) = preSolution
		Development|Default = Development|Default
	EndGlobalSection
	GlobalSection(ProjectConfigurationPlatforms) = postSolution
		{866B3FBB-F015-4C70-B54E-BCC21BF0B381}.Development|Default.ActiveCfg = Development
		{866B3FBB-F015-4C70-B54E-BCC21BF0B381}.Development|Default.Build.0 = Development
	EndGlobalSection
	GlobalSection(SolutionProperties) = preSolution
		HideSolutionNode = FALSE
	EndGlobalSection
EndGlobal
