
Microsoft Visual Studio Solution File, Format Version 11.00
# Visual Studio 2010
Project("{159641D6-6404-4A2A-AE62-294DE0FE8301}") = "Load dot-MIX files from ML", "Load dot-MIX files from ML\Load dot-MIX files from ML.dtproj", "{BAFB69EC-E58C-466F-8549-F1226205241D}"
EndProject
Global
	GlobalSection(SolutionConfigurationPlatforms) = preSolution
		Development|Default = Development|Default
	EndGlobalSection
	GlobalSection(ProjectConfigurationPlatforms) = postSolution
		{BAFB69EC-E58C-466F-8549-F1226205241D}.Development|Default.ActiveCfg = Development
		{BAFB69EC-E58C-466F-8549-F1226205241D}.Development|Default.Build.0 = Development
	EndGlobalSection
	GlobalSection(SolutionProperties) = preSolution
		HideSolutionNode = FALSE
	EndGlobalSection
EndGlobal
